
Microsoft Visual Studio Solution File, Format Version 12.00
# Visual Studio Version 16
VisualStudioVersion = 16.0.29911.84
MinimumVisualStudioVersion = 10.0.40219.1
Project("{9A19103F-16F7-4668-BE54-9A1E7A4F7556}") = "TransactionWebApi", "TransactionWebApi\TransactionWebApi.csproj", "{48909AB7-C20B-463D-BAB3-3BA06F0F0B56}"
EndProject
Project("{9A19103F-16F7-4668-BE54-9A1E7A4F7556}") = "Business", "Business\Business.csproj", "{049161AD-F87E-4EB4-AF32-CDD1279ABBFA}"
EndProject
Project("{9A19103F-16F7-4668-BE54-9A1E7A4F7556}") = "DataAccess", "DataAccess\DataAccess.csproj", "{AFC67781-6699-4C94-AC66-682E4838ACA5}"
EndProject
Project("{9A19103F-16F7-4668-BE54-9A1E7A4F7556}") = "Service", "Service\Service.csproj", "{ED701B36-6FD7-4489-94FC-8D381F0A36CD}"
EndProject
Project("{FAE04EC0-301F-11D3-BF4B-00C04F79EFBC}") = "DataAccess.EFCore", "DataAccess.EFCore\DataAccess.EFCore.csproj", "{D1C000E4-3DA1-4A58-BAFF-B851F5B51A5A}"
EndProject
Global
	GlobalSection(SolutionConfigurationPlatforms) = preSolution
		Debug|Any CPU = Debug|Any CPU
		Release|Any CPU = Release|Any CPU
	EndGlobalSection
	GlobalSection(ProjectConfigurationPlatforms) = postSolution
		{48909AB7-C20B-463D-BAB3-3BA06F0F0B56}.Debug|Any CPU.ActiveCfg = Debug|Any CPU
		{48909AB7-C20B-463D-BAB3-3BA06F0F0B56}.Debug|Any CPU.Build.0 = Debug|Any CPU
		{48909AB7-C20B-463D-BAB3-3BA06F0F0B56}.Release|Any CPU.ActiveCfg = Release|Any CPU
		{48909AB7-C20B-463D-BAB3-3BA06F0F0B56}.Release|Any CPU.Build.0 = Release|Any CPU
		{049161AD-F87E-4EB4-AF32-CDD1279ABBFA}.Debug|Any CPU.ActiveCfg = Debug|Any CPU
		{049161AD-F87E-4EB4-AF32-CDD1279ABBFA}.Debug|Any CPU.Build.0 = Debug|Any CPU
		{049161AD-F87E-4EB4-AF32-CDD1279ABBFA}.Release|Any CPU.ActiveCfg = Release|Any CPU
		{049161AD-F87E-4EB4-AF32-CDD1279ABBFA}.Release|Any CPU.Build.0 = Release|Any CPU
		{AFC67781-6699-4C94-AC66-682E4838ACA5}.Debug|Any CPU.ActiveCfg = Debug|Any CPU
		{AFC67781-6699-4C94-AC66-682E4838ACA5}.Debug|Any CPU.Build.0 = Debug|Any CPU
		{AFC67781-6699-4C94-AC66-682E4838ACA5}.Release|Any CPU.ActiveCfg = Release|Any CPU
		{AFC67781-6699-4C94-AC66-682E4838ACA5}.Release|Any CPU.Build.0 = Release|Any CPU
		{ED701B36-6FD7-4489-94FC-8D381F0A36CD}.Debug|Any CPU.ActiveCfg = Debug|Any CPU
		{ED701B36-6FD7-4489-94FC-8D381F0A36CD}.Debug|Any CPU.Build.0 = Debug|Any CPU
		{ED701B36-6FD7-4489-94FC-8D381F0A36CD}.Release|Any CPU.ActiveCfg = Release|Any CPU
		{ED701B36-6FD7-4489-94FC-8D381F0A36CD}.Release|Any CPU.Build.0 = Release|Any CPU
		{D1C000E4-3DA1-4A58-BAFF-B851F5B51A5A}.Debug|Any CPU.ActiveCfg = Debug|Any CPU
		{D1C000E4-3DA1-4A58-BAFF-B851F5B51A5A}.Debug|Any CPU.Build.0 = Debug|Any CPU
		{D1C000E4-3DA1-4A58-BAFF-B851F5B51A5A}.Release|Any CPU.ActiveCfg = Release|Any CPU
		{D1C000E4-3DA1-4A58-BAFF-B851F5B51A5A}.Release|Any CPU.Build.0 = Release|Any CPU
	EndGlobalSection
	GlobalSection(SolutionProperties) = preSolution
		HideSolutionNode = FALSE
	EndGlobalSection
	GlobalSection(ExtensibilityGlobals) = postSolution
		SolutionGuid = {DC0BB125-ED20-4C82-AA2C-263D0E800272}
	EndGlobalSection
EndGlobal
